
Microsoft Visual Studio Solution File, Format Version 12.00
# Visual Studio 15
VisualStudioVersion = 15.0.28307.960
MinimumVisualStudioVersion = 10.0.40219.1
Project("{FAE04EC0-301F-11D3-BF4B-00C04F79EFBC}") = "BookLibraryExplorer", "BookLibraryExplorer\BookLibraryExplorer.csproj", "{17725ECE-4E4C-4C62-BCDC-636621F1751A}"
EndProject
Global
	GlobalSection(SolutionConfigurationPlatforms) = preSolution
		Debug|x86 = Debug|x86
		Release|x86 = Release|x86
	EndGlobalSection
	GlobalSection(ProjectConfigurationPlatforms) = postSolution
		{17725ECE-4E4C-4C62-BCDC-636621F1751A}.Debug|x86.ActiveCfg = Debug|x86
		{17725ECE-4E4C-4C62-BCDC-636621F1751A}.Debug|x86.Build.0 = Debug|x86
		{17725ECE-4E4C-4C62-BCDC-636621F1751A}.Release|x86.ActiveCfg = Release|x86
		{17725ECE-4E4C-4C62-BCDC-636621F1751A}.Release|x86.Build.0 = Release|x86
	EndGlobalSection
	GlobalSection(SolutionProperties) = preSolution
		HideSolutionNode = FALSE
	EndGlobalSection
	GlobalSection(ExtensibilityGlobals) = postSolution
		SolutionGuid = {68AF9D47-A036-4AAF-8EEC-B608902E724D}
	EndGlobalSection
EndGlobal
